version = 1
revision = 3
requires-python = ">=3.11"
resolution-markers = [
    "python_full_version >= '3.12'",
    "python_full_version < '3.12'",
]

[[package]]
name = "astroid"
version = "4.0.4"
source = { registry = "https://pypi.org/simple" }
sdist = { url = "https://files.pythonhosted.org/packages/07/63/0adf26577da5eff6eb7a177876c1cfa213856be9926a000f65c4add9692b/astroid-4.0.4.tar.gz", hash = "sha256:986fed8bcf79fb82c78b18a53352a0b287a73817d6dbcfba3162da36667c49a0", size = 406358, upload-time = "2026-02-07T23:35:07.509Z" }
wheels = [
    { url = "https://files.pythonhosted.org/packages/b0/cf/1c5f42b110e57bc5502eb80dbc3b03d256926062519224835ef08134f1f9/astroid-4.0.4-py3-none-any.whl", hash = "sha256:52f39653876c7dec3e3afd4c2696920e05c83832b9737afc21928f2d2eb7a753", size = 276445, upload-time = "2026-02-07T23:35:05.344Z" },
]

[[package]]
name = "colorama"
version = "0.4.6"
source = { registry = "https://pypi.org/simple" }
sdist = { url = "https://files.pythonhosted.org/packages/d8/53/6f443c9a4a8358a93a6792e2acffb9d9d5cb0a5cfd8802644b7b1c9a02e4/colorama-0.4.6.tar.gz", hash = "sha256:08695f5cb7ed6e0531a20572697297273c47b8cae5a63ffc6d6ed5c201be6e44", size = 27697, upload-time = "2022-10-25T02:36:22.414Z" }
wheels = [
    { url = "https://files.pythonhosted.org/packages/d1/d6/3965ed04c63042e047cb6a3e6ed1a63a35087b6a609aa3a15ed8ac56c221/colorama-0.4.6-py2.py3-none-any.whl", hash = "sha256:4f1d9991f5acc0ca119f9d443620b77f9d6b33703e51011c16baf57afb285fc6", size = 25335, upload-time = "2022-10-25T02:36:20.889Z" },
]

[[package]]
name = "dill"
version = "0.4.1"
source = { registry = "https://pypi.org/simple" }
sdist = { url = "https://files.pythonhosted.org/packages/81/e1/56027a71e31b02ddc53c7d65b01e68edf64dea2932122fe7746a516f75d5/dill-0.4.1.tar.gz", hash = "sha256:423092df4182177d4d8ba8290c8a5b640c66ab35ec7da59ccfa00f6fa3eea5fa", size = 187315, upload-time = "2026-01-19T02:36:56.85Z" }
wheels = [
    { url = "https://files.pythonhosted.org/packages/1e/77/dc8c558f7593132cf8fefec57c4f60c83b16941c574ac5f619abb3ae7933/dill-0.4.1-py3-none-any.whl", hash = "sha256:1e1ce33e978ae97fcfcff5638477032b801c46c7c65cf717f95fbc2248f79a9d", size = 120019, upload-time = "2026-01-19T02:36:55.663Z" },
]

[[package]]
name = "et-xmlfile"
version = "2.0.0"
source = { registry = "https://pypi.org/simple" }
sdist = { url = "https://files.pythonhosted.org/packages/d3/38/af70d7ab1ae9d4da450eeec1fa3918940a5fafb9055e934af8d6eb0c2313/et_xmlfile-2.0.0.tar.gz", hash = "sha256:dab3f4764309081ce75662649be815c4c9081e88f0837825f90fd28317d4da54", size = 17234, upload-time = "2024-10-25T17:25:40.039Z" }
wheels = [
    { url = "https://files.pythonhosted.org/packages/c1/8b/5fe2cc11fee489817272089c4203e679c63b570a5aaeb18d852ae3cbba6a/et_xmlfile-2.0.0-py3-none-any.whl", hash = "sha256:7a91720bc756843502c3b7504c77b8fe44217c85c537d85037f0f536151b2caa", size = 18059, upload-time = "2024-10-25T17:25:39.051Z" },
]

[[package]]
name = "export-data-dictionary"
version = "0.2.0"
source = { virtual = "." }
dependencies = [
    { name = "mysqlclient" },
    { name = "pyodbc" },
    { name = "xlsxwriter" },
]

[package.dev-dependencies]
dev = [
    { name = "openpyxl" },
    { name = "pylint" },
    { name = "pytest" },
]

[package.metadata]
requires-dist = [
    { name = "mysqlclient", specifier = ">=2.1.1" },
    { name = "pyodbc", specifier = ">=5.2.0" },
    { name = "xlsxwriter", specifier = ">=3.0.8" },
]

[package.metadata.requires-dev]
dev = [
    { name = "openpyxl", specifier = ">=3.1.0" },
    { name = "pylint" },
    { name = "pytest", specifier = ">=8.0" },
]

[[package]]
name = "iniconfig"
version = "2.3.0"
source = { registry = "https://pypi.org/simple" }
sdist = { url = "https://files.pythonhosted.org/packages/72/34/14ca021ce8e5dfedc35312d08ba8bf51fdd999c576889fc2c24cb97f4f10/iniconfig-2.3.0.tar.gz", hash = "sha256:c76315c77db068650d49c5b56314774a7804df16fee4402c1f19d6d15d8c4730", size = 20503, upload-time = "2025-10-18T21:55:43.219Z" }
wheels = [
    { url = "https://files.pythonhosted.org/packages/cb/b1/3846dd7f199d53cb17f49cba7e651e9ce294d8497c8c150530ed11865bb8/iniconfig-2.3.0-py3-none-any.whl", hash = "sha256:f631c04d2c48c52b84d0d0549c99ff3859c98df65b3101406327ecc7d53fbf12", size = 7484, upload-time = "2025-10-18T21:55:41.639Z" },
]

[[package]]
name = "isort"
version = "7.0.0"
source = { registry = "https://pypi.org/simple" }
sdist = { url = "https://files.pythonhosted.org/packages/63/53/4f3c058e3bace40282876f9b553343376ee687f3c35a525dc79dbd450f88/isort-7.0.0.tar.gz", hash = "sha256:5513527951aadb3ac4292a41a16cbc50dd1642432f5e8c20057d414bdafb4187", size = 805049, upload-time = "2025-10-11T13:30:59.107Z" }
wheels = [
    { url = "https://files.pythonhosted.org/packages/7f/ed/e3705d6d02b4f7aea715a353c8ce193efd0b5db13e204df895d38734c244/isort-7.0.0-py3-none-any.whl", hash = "sha256:1bcabac8bc3c36c7fb7b98a76c8abb18e0f841a3ba81decac7691008592499c1", size = 94672, upload-time = "2025-10-11T13:30:57.665Z" },
]

[[package]]
name = "mccabe"
version = "0.7.0"
source = { registry = "https://pypi.org/simple" }
sdist = { url = "https://files.pythonhosted.org/packages/e7/ff/0ffefdcac38932a54d2b5eed4e0ba8a408f215002cd178ad1df0f2806ff8/mccabe-0.7.0.tar.gz", hash = "sha256:348e0240c33b60bbdf4e523192ef919f28cb2c3d7d5c7794f74009290f236325", size = 9658, upload-time = "2022-01-24T01:14:51.113Z" }
wheels = [
    { url = "https://files.pythonhosted.org/packages/27/1a/1f68f9ba0c207934b35b86a8ca3aad8395a3d6dd7921c0686e23853ff5a9/mccabe-0.7.0-py2.py3-none-any.whl", hash = "sha256:6c2d30ab6be0e4a46919781807b4f0d834ebdd6c6e3dca0bda5a15f863427b6e", size = 7350, upload-time = "2022-01-24T01:14:49.62Z" },
]

[[package]]
name = "mysqlclient"
version = "2.2.8"
source = { registry = "https://pypi.org/simple" }
sdist = { url = "https://files.pythonhosted.org/packages/eb/b0/9df076488cb2e536d40ce6dbd4273c1f20a386e31ffe6e7cb613902b3c2a/mysqlclient-2.2.8.tar.gz", hash = "sha256:8ed20c5615a915da451bb308c7d0306648a4fd9a2809ba95c992690006306199", size = 92287, upload-time = "2026-02-10T10:58:37.405Z" }
wheels = [
    { url = "https://files.pythonhosted.org/packages/44/f6/6253d116c024aeb11fb193ad14e2bae2bd3380690e885028abf798b1b0b4/mysqlclient-2.2.8-cp311-cp311-win_amd64.whl", hash = "sha256:60c9ed339dc09e3d5380cc2a9f42e86754fee25a661ced77a02df77990664c92", size = 206875, upload-time = "2026-02-10T10:58:42.223Z" },
    { url = "https://files.pythonhosted.org/packages/db/1f/7d6b3fbfc8a317805fdb8bbfbc23af99f2090497090e82513daf491a29ce/mysqlclient-2.2.8-cp312-cp312-win_amd64.whl", hash = "sha256:000c7ec3d11e7c411db832e4cfcd7f05db47464326381f5d5ae991b4bb572f93", size = 207171, upload-time = "2026-02-10T10:58:39.827Z" },
    { url = "https://files.pythonhosted.org/packages/e6/d5/76e369b0fdccd2eb9ed7d890e4e3e23aa1344fea62f0180d7f1574285e54/mysqlclient-2.2.8-cp313-cp313-win_amd64.whl", hash = "sha256:a81f5e12f8d05439709cb02fba97f9f76d1a6c528164f2260d8798fec969e300", size = 207158, upload-time = "2026-02-10T10:58:38.663Z" },
    { url = "https://files.pythonhosted.org/packages/42/44/6ae21b4e8490eb5167d04fa7452c462ffd72a502b96bf531477ef044a380/mysqlclient-2.2.8-cp314-cp314-win_amd64.whl", hash = "sha256:9bed7c8d3b629bdc09e17fb628d5b3b0a5fd1f12b09432b464b9126c727bedc0", size = 211644, upload-time = "2026-02-10T10:58:45.022Z" },
    { url = "https://files.pythonhosted.org/packages/66/e5/037d55623be9f681236e04abe12e1290847c06bd48270c3f19ac33493cbf/mysqlclient-2.2.8-cp314-cp314t-win_amd64.whl", hash = "sha256:260cce0e81446c83bf0a389e0fae38d68547d9f8fc0833bc733014e10ce28a99", size = 213067, upload-time = "2026-02-10T10:58:43.389Z" },
]

[[package]]
name = "openpyxl"
version = "3.1.5"
source = { registry = "https://pypi.org/simple" }
dependencies = [
    { name = "et-xmlfile" },
]
sdist = { url = "https://files.pythonhosted.org/packages/3d/f9/88d94a75de065ea32619465d2f77b29a0469500e99012523b91cc4141cd1/openpyxl-3.1.5.tar.gz", hash = "sha256:cf0e3cf56142039133628b5acffe8ef0c12bc902d2aadd3e0fe5878dc08d1050", size = 186464, upload-time = "2024-06-28T14:03:44.161Z" }
wheels = [
    { url = "https://files.pythonhosted.org/packages/c0/da/977ded879c29cbd04de313843e76868e6e13408a94ed6b987245dc7c8506/openpyxl-3.1.5-py2.py3-none-any.whl", hash = "sha256:5282c12b107bffeef825f4617dc029afaf41d0ea60823bbb665ef3079dc79de2", size = 250910, upload-time = "2024-06-28T14:03:41.161Z" },
]

[[package]]
name = "packaging"
version = "26.0"
source = { registry = "https://pypi.org/simple" }
sdist = { url = "https://files.pythonhosted.org/packages/65/ee/299d360cdc32edc7d2cf530f3accf79c4fca01e96ffc950d8a52213bd8e4/packaging-26.0.tar.gz", hash = "sha256:00243ae351a257117b6a241061796684b084ed1c516a08c48a3f7e147a9d80b4", size = 143416, upload-time = "2026-01-21T20:50:39.064Z" }
wheels = [
    { url = "https://files.pythonhosted.org/packages/b7/b9/c538f279a4e237a006a2c98387d081e9eb060d203d8ed34467cc0f0b9b53/packaging-26.0-py3-none-any.whl", hash = "sha256:b36f1fef9334a5588b4166f8bcd26a14e521f2b55e6b9de3aaa80d3ff7a37529", size = 74366, upload-time = "2026-01-21T20:50:37.788Z" },
]

[[package]]
name = "platformdirs"
version = "4.5.1"
source = { registry = "https://pypi.org/simple" }
sdist = { url = "https://files.pythonhosted.org/packages/cf/86/0248f086a84f01b37aaec0fa567b397df1a119f73c16f6c7a9aac73ea309/platformdirs-4.5.1.tar.gz", hash = "sha256:61d5cdcc6065745cdd94f0f878977f8de9437be93de97c1c12f853c9c0cdcbda", size = 21715, upload-time = "2025-12-05T13:52:58.638Z" }
wheels = [
    { url = "https://files.pythonhosted.org/packages/cb/28/3bfe2fa5a7b9c46fe7e13c97bda14c895fb10fa2ebf1d0abb90e0cea7ee1/platformdirs-4.5.1-py3-none-any.whl", hash = "sha256:d03afa3963c806a9bed9d5125c8f4cb2fdaf74a55ab60e5d59b3fde758104d31", size = 18731, upload-time = "2025-12-05T13:52:56.823Z" },
]

[[package]]
name = "pluggy"
version = "1.6.0"
source = { registry = "https://pypi.org/simple" }
sdist = { url = "https://files.pythonhosted.org/packages/f9/e2/3e91f31a7d2b083fe6ef3fa267035b518369d9511ffab804f839851d2779/pluggy-1.6.0.tar.gz", hash = "sha256:7dcc130b76258d33b90f61b658791dede3486c3e6bfb003ee5c9bfb396dd22f3", size = 69412, upload-time = "2025-05-15T12:30:07.975Z" }
wheels = [
    { url = "https://files.pythonhosted.org/packages/54/20/4d324d65cc6d9205fabedc306948156824eb9f0ee1633355a8f7ec5c66bf/pluggy-1.6.0-py3-none-any.whl", hash = "sha256:e920276dd6813095e9377c0bc5566d94c932c33b27a3e3945d8389c374dd4746", size = 20538, upload-time = "2025-05-15T12:30:06.134Z" },
]

[[package]]
name = "pygments"
version = "2.19.2"
source = { registry = "https://pypi.org/simple" }
sdist = { url = "https://files.pythonhosted.org/packages/b0/77/a5b8c569bf593b0140bde72ea885a803b82086995367bf2037de0159d924/pygments-2.19.2.tar.gz", hash = "sha256:636cb2477cec7f8952536970bc533bc43743542f70392ae026374600add5b887", size = 4968631, upload-time = "2025-06-21T13:39:12.283Z" }
wheels = [
    { url = "https://files.pythonhosted.org/packages/c7/21/705964c7812476f378728bdf590ca4b771ec72385c533964653c68e86bdc/pygments-2.19.2-py3-none-any.whl", hash = "sha256:86540386c03d588bb81d44bc3928634ff26449851e99741617ecb9037ee5ec0b", size = 1225217, upload-time = "2025-06-21T13:39:07.939Z" },
]

[[package]]
name = "pylint"
version = "4.0.4"
source = { registry = "https://pypi.org/simple" }
dependencies = [
    { name = "astroid" },
    { name = "colorama", marker = "sys_platform == 'win32'" },
    { name = "dill" },
    { name = "isort" },
    { name = "mccabe" },
    { name = "platformdirs" },
    { name = "tomlkit" },
]
sdist = { url = "https://files.pythonhosted.org/packages/5a/d2/b081da1a8930d00e3fc06352a1d449aaf815d4982319fab5d8cdb2e9ab35/pylint-4.0.4.tar.gz", hash = "sha256:d9b71674e19b1c36d79265b5887bf8e55278cbe236c9e95d22dc82cf044fdbd2", size = 1571735, upload-time = "2025-11-30T13:29:04.315Z" }
wheels = [
    { url = "https://files.pythonhosted.org/packages/a6/92/d40f5d937517cc489ad848fc4414ecccc7592e4686b9071e09e64f5e378e/pylint-4.0.4-py3-none-any.whl", hash = "sha256:63e06a37d5922555ee2c20963eb42559918c20bd2b21244e4ef426e7c43b92e0", size = 536425, upload-time = "2025-11-30T13:29:02.53Z" },
]

[[package]]
name = "pyodbc"
version = "5.3.0"
source = { registry = "https://pypi.org/simple" }
sdist = { url = "https://files.pythonhosted.org/packages/8f/85/44b10070a769a56bd910009bb185c0c0a82daff8d567cd1a116d7d730c7d/pyodbc-5.3.0.tar.gz", hash = "sha256:2fe0e063d8fb66efd0ac6dc39236c4de1a45f17c33eaded0d553d21c199f4d05", size = 121770, upload-time = "2025-10-17T18:04:09.43Z" }
wheels = [
    { url = "https://files.pythonhosted.org/packages/e0/c7/534986d97a26cb8f40ef456dfcf00d8483161eade6d53fa45fcf2d5c2b87/pyodbc-5.3.0-cp311-cp311-macosx_10_9_x86_64.whl", hash = "sha256:ebc3be93f61ea0553db88589e683ace12bf975baa954af4834ab89f5ee7bf8ae", size = 71958, upload-time = "2025-10-17T18:03:10.163Z" },
    { url = "https://files.pythonhosted.org/packages/69/3c/6fe3e9eae6db1c34d6616a452f9b954b0d5516c430f3dd959c9d8d725f2a/pyodbc-5.3.0-cp311-cp311-macosx_11_0_arm64.whl", hash = "sha256:9b987a25a384f31e373903005554230f5a6d59af78bce62954386736a902a4b3", size = 71843, upload-time = "2025-10-17T18:03:11.058Z" },
    { url = "https://files.pythonhosted.org/packages/44/0e/81a0315d0bf7e57be24338dbed616f806131ab706d87c70f363506dc13d5/pyodbc-5.3.0-cp311-cp311-manylinux2014_aarch64.manylinux_2_17_aarch64.manylinux_2_28_aarch64.whl", hash = "sha256:676031723aac7dcbbd2813bddda0e8abf171b20ec218ab8dfb21d64a193430ea", size = 327191, upload-time = "2025-10-17T18:03:11.93Z" },
    { url = "https://files.pythonhosted.org/packages/43/ae/b95bb2068f911950322a97172c68675c85a3e87dc04a98448c339fcbef21/pyodbc-5.3.0-cp311-cp311-manylinux2014_x86_64.manylinux_2_17_x86_64.manylinux_2_28_x86_64.whl", hash = "sha256:c5c30c5cd40b751f77bbc73edd32c4498630939bcd4e72ee7e6c9a4b982cc5ca", size = 332228, upload-time = "2025-10-17T18:03:13.096Z" },
    { url = "https://files.pythonhosted.org/packages/dc/21/2433625f7d5922ee9a34e3805805fa0f1355d01d55206c337bb23ec869bf/pyodbc-5.3.0-cp311-cp311-musllinux_1_2_aarch64.whl", hash = "sha256:2035c7dfb71677cd5be64d3a3eb0779560279f0a8dc6e33673499498caa88937", size = 1296469, upload-time = "2025-10-17T18:03:14.61Z" },
    { url = "https://files.pythonhosted.org/packages/3a/f4/c760caf7bb9b3ab988975d84bd3e7ebda739fe0075c82f476d04ee97324c/pyodbc-5.3.0-cp311-cp311-musllinux_1_2_x86_64.whl", hash = "sha256:5cbe4d753723c8a8f65020b7a259183ef5f14307587165ce37e8c7e251951852", size = 1353163, upload-time = "2025-10-17T18:03:16.272Z" },
    { url = "https://files.pythonhosted.org/packages/14/ad/f9ca1e9e44fd91058f6e35b233b1bb6213d590185bfcc2a2c4f1033266e7/pyodbc-5.3.0-cp311-cp311-win32.whl", hash = "sha256:d255f6b117d05cfc046a5201fdf39535264045352ea536c35777cf66d321fbb8", size = 62925, upload-time = "2025-10-17T18:03:17.649Z" },
    { url = "https://files.pythonhosted.org/packages/e6/cf/52b9b94efd8cfd11890ae04f31f50561710128d735e4e38a8fbb964cd2c2/pyodbc-5.3.0-cp311-cp311-win_amd64.whl", hash = "sha256:f1ad0e93612a6201621853fc661209d82ff2a35892b7d590106fe8f97d9f1f2a", size = 69329, upload-time = "2025-10-17T18:03:18.474Z" },
    { url = "https://files.pythonhosted.org/packages/8b/6f/bf5433bb345007f93003fa062e045890afb42e4e9fc6bd66acc2c3bd12ca/pyodbc-5.3.0-cp311-cp311-win_arm64.whl", hash = "sha256:0df7ff47fab91ea05548095b00e5eb87ed88ddf4648c58c67b4db95ea4913e23", size = 64447, upload-time = "2025-10-17T18:03:19.691Z" },
    { url = "https://files.pythonhosted.org/packages/f5/0c/7ecf8077f4b932a5d25896699ff5c394ffc2a880a9c2c284d6a3e6ea5949/pyodbc-5.3.0-cp312-cp312-macosx_10_13_x86_64.whl", hash = "sha256:5ebf6b5d989395efe722b02b010cb9815698a4d681921bf5db1c0e1195ac1bde", size = 72994, upload-time = "2025-10-17T18:03:20.551Z" },
    { url = "https://files.pythonhosted.org/packages/03/78/9fbde156055d88c1ef3487534281a5b1479ee7a2f958a7e90714968749ac/pyodbc-5.3.0-cp312-cp312-macosx_11_0_arm64.whl", hash = "sha256:197bb6ddafe356a916b8ee1b8752009057fce58e216e887e2174b24c7ab99269", size = 72535, upload-time = "2025-10-17T18:03:21.423Z" },
    { url = "https://files.pythonhosted.org/packages/9f/f9/8c106dcd6946e95fee0da0f1ba58cd90eb872eebe8968996a2ea1f7ac3c1/pyodbc-5.3.0-cp312-cp312-manylinux2014_aarch64.manylinux_2_17_aarch64.manylinux_2_28_aarch64.whl", hash = "sha256:c6ccb5315ec9e081f5cbd66f36acbc820ad172b8fa3736cf7f993cdf69bd8a96", size = 333565, upload-time = "2025-10-17T18:03:22.695Z" },
    { url = "https://files.pythonhosted.org/packages/4b/30/2c70f47a76a4fafa308d148f786aeb35a4d67a01d41002f1065b465d9994/pyodbc-5.3.0-cp312-cp312-manylinux2014_x86_64.manylinux_2_17_x86_64.manylinux_2_28_x86_64.whl", hash = "sha256:5dd3d5e469f89a3112cf8b0658c43108a4712fad65e576071e4dd44d2bd763c7", size = 340283, upload-time = "2025-10-17T18:03:23.691Z" },
    { url = "https://files.pythonhosted.org/packages/7d/b2/0631d84731606bfe40d3b03a436b80cbd16b63b022c7b13444fb30761ca8/pyodbc-5.3.0-cp312-cp312-musllinux_1_2_aarch64.whl", hash = "sha256:b180bc5e49b74fd40a24ef5b0fe143d0c234ac1506febe810d7434bf47cb925b", size = 1302767, upload-time = "2025-10-17T18:03:25.311Z" },
    { url = "https://files.pythonhosted.org/packages/74/b9/707c5314cca9401081b3757301241c167a94ba91b4bd55c8fa591bf35a4a/pyodbc-5.3.0-cp312-cp312-musllinux_1_2_x86_64.whl", hash = "sha256:e3c39de3005fff3ae79246f952720d44affc6756b4b85398da4c5ea76bf8f506", size = 1361251, upload-time = "2025-10-17T18:03:26.538Z" },
    { url = "https://files.pythonhosted.org/packages/97/7c/893036c8b0c8d359082a56efdaa64358a38dda993124162c3faa35d1924d/pyodbc-5.3.0-cp312-cp312-win32.whl", hash = "sha256:d32c3259762bef440707098010035bbc83d1c73d81a434018ab8c688158bd3bb", size = 63413, upload-time = "2025-10-17T18:03:27.903Z" },
    { url = "https://files.pythonhosted.org/packages/c0/70/5e61b216cc13c7f833ef87f4cdeab253a7873f8709253f5076e9bb16c1b3/pyodbc-5.3.0-cp312-cp312-win_amd64.whl", hash = "sha256:fe77eb9dcca5fc1300c9121f81040cc9011d28cff383e2c35416e9ec06d4bc95", size = 70133, upload-time = "2025-10-17T18:03:28.746Z" },
    { url = "https://files.pythonhosted.org/packages/aa/85/e7d0629c9714a85eb4f85d21602ce6d8a1ec0f313fde8017990cf913e3b4/pyodbc-5.3.0-cp312-cp312-win_arm64.whl", hash = "sha256:afe7c4ac555a8d10a36234788fc6cfc22a86ce37fc5ba88a1f75b3e6696665dc", size = 64700, upload-time = "2025-10-17T18:03:29.638Z" },
    { url = "https://files.pythonhosted.org/packages/0c/1d/9e74cbcc1d4878553eadfd59138364b38656369eb58f7e5b42fb344c0ce7/pyodbc-5.3.0-cp313-cp313-macosx_10_13_x86_64.whl", hash = "sha256:7e9ab0b91de28a5ab838ac4db0253d7cc8ce2452efe4ad92ee6a57b922bf0c24", size = 72975, upload-time = "2025-10-17T18:03:30.466Z" },
    { url = "https://files.pythonhosted.org/packages/37/c7/27d83f91b3144d3e275b5b387f0564b161ddbc4ce1b72bb3b3653e7f4f7a/pyodbc-5.3.0-cp313-cp313-macosx_11_0_arm64.whl", hash = "sha256:6132554ffbd7910524d643f13ce17f4a72f3a6824b0adef4e9a7f66efac96350", size = 72541, upload-time = "2025-10-17T18:03:31.348Z" },
    { url = "https://files.pythonhosted.org/packages/1b/33/2bb24e7fc95e98a7b11ea5ad1f256412de35d2e9cc339be198258c1d9a76/pyodbc-5.3.0-cp313-cp313-manylinux2014_aarch64.manylinux_2_17_aarch64.manylinux_2_28_aarch64.whl", hash = "sha256:1629af4706e9228d79dabb4863c11cceb22a6dab90700db0ef449074f0150c0d", size = 343287, upload-time = "2025-10-17T18:03:32.287Z" },
    { url = "https://files.pythonhosted.org/packages/fa/24/88cde8b6dc07a93a92b6c15520a947db24f55db7bd8b09e85956642b7cf3/pyodbc-5.3.0-cp313-cp313-manylinux2014_x86_64.manylinux_2_17_x86_64.manylinux_2_28_x86_64.whl", hash = "sha256:5ceaed87ba2ea848c11223f66f629ef121f6ebe621f605cde9cfdee4fd9f4b68", size = 350094, upload-time = "2025-10-17T18:03:33.336Z" },
    { url = "https://files.pythonhosted.org/packages/c2/99/53c08562bc171a618fa1699297164f8885e66cde38c3b30f454730d0c488/pyodbc-5.3.0-cp313-cp313-musllinux_1_2_aarch64.whl", hash = "sha256:3cc472c8ae2feea5b4512e23b56e2b093d64f7cbc4b970af51da488429ff7818", size = 1301029, upload-time = "2025-10-17T18:03:34.561Z" },
    { url = "https://files.pythonhosted.org/packages/d8/10/68a0b5549876d4b53ba4c46eed2a7aca32d589624ed60beef5bd7382619e/pyodbc-5.3.0-cp313-cp313-musllinux_1_2_x86_64.whl", hash = "sha256:c79df54bbc25bce9f2d87094e7b39089c28428df5443d1902b0cc5f43fd2da6f", size = 1361420, upload-time = "2025-10-17T18:03:35.958Z" },
    { url = "https://files.pythonhosted.org/packages/41/0f/9dfe4987283ffcb981c49a002f0339d669215eb4a3fe4ee4e14537c52852/pyodbc-5.3.0-cp313-cp313-win32.whl", hash = "sha256:c2eb0b08e24fe5c40c7ebe9240c5d3bd2f18cd5617229acee4b0a0484dc226f2", size = 63399, upload-time = "2025-10-17T18:03:36.931Z" },
    { url = "https://files.pythonhosted.org/packages/56/03/15dcefe549d3888b649652af7cca36eda97c12b6196d92937ca6d11306e9/pyodbc-5.3.0-cp313-cp313-win_amd64.whl", hash = "sha256:01166162149adf2b8a6dc21a212718f205cabbbdff4047dc0c415af3fd85867e", size = 70133, upload-time = "2025-10-17T18:03:38.47Z" },
    { url = "https://files.pythonhosted.org/packages/c4/c1/c8b128ae59a14ecc8510e9b499208e342795aecc3af4c3874805c720b8db/pyodbc-5.3.0-cp313-cp313-win_arm64.whl", hash = "sha256:363311bd40320b4a61454bebf7c38b243cd67c762ed0f8a5219de3ec90c96353", size = 64683, upload-time = "2025-10-17T18:03:39.68Z" },
    { url = "https://files.pythonhosted.org/packages/ab/f2/c26d82a7ce1e90b8bbb8731d3d53de73814e2f6606b9db9d978303aa8d5f/pyodbc-5.3.0-cp314-cp314-macosx_10_15_x86_64.whl", hash = "sha256:3f1bdb3ce6480a17afaaef4b5242b356d4997a872f39e96f015cabef00613797", size = 73513, upload-time = "2025-10-17T18:03:40.536Z" },
    { url = "https://files.pythonhosted.org/packages/82/d5/1ab1b7c4708cbd701990a8f7183c5bb5e0712d5e8479b919934e46dadab4/pyodbc-5.3.0-cp314-cp314-macosx_11_0_arm64.whl", hash = "sha256:7713c740a10f33df3cb08f49a023b7e1e25de0c7c99650876bbe717bc95ee780", size = 72631, upload-time = "2025-10-17T18:03:41.713Z" },
    { url = "https://files.pythonhosted.org/packages/b1/f1/7e3831eeac2b09b31a77e6b3495491ce162035ff2903d7261b49d35aa3c2/pyodbc-5.3.0-cp314-cp314-manylinux2014_aarch64.manylinux_2_17_aarch64.manylinux_2_28_aarch64.whl", hash = "sha256:cf18797a12e70474e1b7f5027deeeccea816372497e3ff2d46b15bec2d18a0cc", size = 344580, upload-time = "2025-10-17T18:03:42.67Z" },
    { url = "https://files.pythonhosted.org/packages/a2/a6/71d26d626a3c45951620b7ff356ec920e420f0e09b0a924123682aa5e4ab/pyodbc-5.3.0-cp314-cp314-manylinux2014_x86_64.manylinux_2_17_x86_64.manylinux_2_28_x86_64.whl", hash = "sha256:08b2439500e212625471d32f8fde418075a5ddec556e095e5a4ba56d61df2dc6", size = 350224, upload-time = "2025-10-17T18:03:43.731Z" },
    { url = "https://files.pythonhosted.org/packages/93/14/f702c5e8c2d595776266934498505f11b7f1545baf21ffec1d32c258e9d3/pyodbc-5.3.0-cp314-cp314-musllinux_1_2_aarch64.whl", hash = "sha256:729c535341bb09c476f219d6f7ab194bcb683c4a0a368010f1cb821a35136f05", size = 1301503, upload-time = "2025-10-17T18:03:45.013Z" },
    { url = "https://files.pythonhosted.org/packages/d9/b2/ad92ebdd1b5c7fec36b065e586d1d34b57881e17ba5beec5c705f1031058/pyodbc-5.3.0-cp314-cp314-musllinux_1_2_x86_64.whl", hash = "sha256:c67e7f2ce649155ea89beb54d3b42d83770488f025cf3b6f39ca82e9c598a02e", size = 1361050, upload-time = "2025-10-17T18:03:46.298Z" },
    { url = "https://files.pythonhosted.org/packages/19/40/dc84e232da07056cb5aaaf5f759ba4c874bc12f37569f7f1670fc71e7ae1/pyodbc-5.3.0-cp314-cp314-win32.whl", hash = "sha256:a48d731432abaee5256ed6a19a3e1528b8881f9cb25cb9cf72d8318146ea991b", size = 65670, upload-time = "2025-10-17T18:03:56.414Z" },
    { url = "https://files.pythonhosted.org/packages/b8/79/c48be07e8634f764662d7a279ac204f93d64172162dbf90f215e2398b0bd/pyodbc-5.3.0-cp314-cp314-win_amd64.whl", hash = "sha256:58635a1cc859d5af3f878c85910e5d7228fe5c406d4571bffcdd281375a54b39", size = 72177, upload-time = "2025-10-17T18:03:57.296Z" },
    { url = "https://files.pythonhosted.org/packages/fc/79/e304574446b2263f428ce14df590ba52c2e0e0205e8d34b235b582b7d57e/pyodbc-5.3.0-cp314-cp314-win_arm64.whl", hash = "sha256:754d052030d00c3ac38da09ceb9f3e240e8dd1c11da8906f482d5419c65b9ef5", size = 66668, upload-time = "2025-10-17T18:03:58.174Z" },
    { url = "https://files.pythonhosted.org/packages/43/17/f4eabf443b838a2728773554017d08eee3aca353102934a7e3ba96fb0e31/pyodbc-5.3.0-cp314-cp314t-macosx_10_15_x86_64.whl", hash = "sha256:f927b440c38ade1668f0da64047ffd20ec34e32d817f9a60d07553301324b364", size = 75780, upload-time = "2025-10-17T18:03:47.273Z" },
    { url = "https://files.pythonhosted.org/packages/59/ea/e79e168c3d38c27d59d5d96273fd9e3c3ba55937cc944c4e60618f51de90/pyodbc-5.3.0-cp314-cp314t-macosx_11_0_arm64.whl", hash = "sha256:25c4cfb2c08e77bc6e82f666d7acd52f0e52a0401b1876e60f03c73c3b8aedc0", size = 75503, upload-time = "2025-10-17T18:03:48.171Z" },
    { url = "https://files.pythonhosted.org/packages/90/81/d1d7c125ec4a20e83fdc28e119b8321192b2bd694f432cf63e1199b2b929/pyodbc-5.3.0-cp314-cp314t-manylinux2014_aarch64.manylinux_2_17_aarch64.manylinux_2_28_aarch64.whl", hash = "sha256:bc834567c2990584b9726cba365834d039380c9dbbcef3030ddeb00c6541b943", size = 398356, upload-time = "2025-10-17T18:03:49.131Z" },
    { url = "https://files.pythonhosted.org/packages/5e/fc/f6be4b3cc3910f8c2aba37aa41671121fd6f37b402ae0fefe53a70ac7cd5/pyodbc-5.3.0-cp314-cp314t-manylinux2014_x86_64.manylinux_2_17_x86_64.manylinux_2_28_x86_64.whl", hash = "sha256:8339d3094858893c1a68ee1af93efc4dff18b8b65de54d99104b99af6306320d", size = 397291, upload-time = "2025-10-17T18:03:50.18Z" },
    { url = "https://files.pythonhosted.org/packages/03/2e/0610b1ed05a5625528d52f6cece9610e84617d35f475c89c2a52f66d13f7/pyodbc-5.3.0-cp314-cp314t-musllinux_1_2_aarch64.whl", hash = "sha256:74528fe148980d0c735c0ebb4a4dc74643ac4574337c43c1006ac4d09593f92d", size = 1353900, upload-time = "2025-10-17T18:03:51.339Z" },
    { url = "https://files.pythonhosted.org/packages/1d/f1/43497e1d37f9f71b43b2b3172e7b1bdf50851e278390c3fb6b46a3630c53/pyodbc-5.3.0-cp314-cp314t-musllinux_1_2_x86_64.whl", hash = "sha256:d89a7f2e24227150c13be8164774b7e1f9678321a4248f1356a465b9cc17d31e", size = 1406062, upload-time = "2025-10-17T18:03:52.546Z" },
    { url = "https://files.pythonhosted.org/packages/9e/8b/88a1277c2f7d9ab1cec0a71e074ba24fd4a1710a43974682546da90a1343/pyodbc-5.3.0-cp314-cp314t-win32.whl", hash = "sha256:af4d8c9842fc4a6360c31c35508d6594d5a3b39922f61b282c2b4c9d9da99514", size = 70132, upload-time = "2025-10-17T18:03:53.715Z" },
    { url = "https://files.pythonhosted.org/packages/ba/c7/ee98c62050de4aa8bafb6eb1e11b95e0b0c898bd5930137c6dc776e06a9b/pyodbc-5.3.0-cp314-cp314t-win_amd64.whl", hash = "sha256:bfeb3e34795d53b7d37e66dd54891d4f9c13a3889a8f5fe9640e56a82d770955", size = 79452, upload-time = "2025-10-17T18:03:54.664Z" },
    { url = "https://files.pythonhosted.org/packages/4b/8f/d8889efd96bbe8e5d43ff9701f6b1565a8e09c3e1f58c388d550724f777b/pyodbc-5.3.0-cp314-cp314t-win_arm64.whl", hash = "sha256:13656184faa3f2d5c6f19b701b8f247342ed581484f58bf39af7315c054e69db", size = 70142, upload-time = "2025-10-17T18:03:55.551Z" },
]

[[package]]
name = "pytest"
version = "9.0.2"
source = { registry = "https://pypi.org/simple" }
dependencies = [
    { name = "colorama", marker = "sys_platform == 'win32'" },
    { name = "iniconfig" },
    { name = "packaging" },
    { name = "pluggy" },
    { name = "pygments" },
]
sdist = { url = "https://files.pythonhosted.org/packages/d1/db/7ef3487e0fb0049ddb5ce41d3a49c235bf9ad299b6a25d5780a89f19230f/pytest-9.0.2.tar.gz", hash = "sha256:75186651a92bd89611d1d9fc20f0b4345fd827c41ccd5c299a868a05d70edf11", size = 1568901, upload-time = "2025-12-06T21:30:51.014Z" }
wheels = [
    { url = "https://files.pythonhosted.org/packages/3b/ab/b3226f0bd7cdcf710fbede2b3548584366da3b19b5021e74f5bde2a8fa3f/pytest-9.0.2-py3-none-any.whl", hash = "sha256:711ffd45bf766d5264d487b917733b453d917afd2b0ad65223959f59089f875b", size = 374801, upload-time = "2025-12-06T21:30:49.154Z" },
]

[[package]]
name = "tomlkit"
version = "0.14.0"
source = { registry = "https://pypi.org/simple" }
sdist = { url = "https://files.pythonhosted.org/packages/c3/af/14b24e41977adb296d6bd1fb59402cf7d60ce364f90c890bd2ec65c43b5a/tomlkit-0.14.0.tar.gz", hash = "sha256:cf00efca415dbd57575befb1f6634c4f42d2d87dbba376128adb42c121b87064", size = 187167, upload-time = "2026-01-13T01:14:53.304Z" }
wheels = [
    { url = "https://files.pythonhosted.org/packages/b5/11/87d6d29fb5d237229d67973a6c9e06e048f01cf4994dee194ab0ea841814/tomlkit-0.14.0-py3-none-any.whl", hash = "sha256:592064ed85b40fa213469f81ac584f67a4f2992509a7c3ea2d632208623a3680", size = 39310, upload-time = "2026-01-13T01:14:51.965Z" },
]

[[package]]
name = "xlsxwriter"
version = "3.2.9"
source = { registry = "https://pypi.org/simple" }
sdist = { url = "https://files.pythonhosted.org/packages/46/2c/c06ef49dc36e7954e55b802a8b231770d286a9758b3d936bd1e04ce5ba88/xlsxwriter-3.2.9.tar.gz", hash = "sha256:254b1c37a368c444eac6e2f867405cc9e461b0ed97a3233b2ac1e574efb4140c", size = 215940, upload-time = "2025-09-16T00:16:21.63Z" }
wheels = [
    { url = "https://files.pythonhosted.org/packages/3a/0c/3662f4a66880196a590b202f0db82d919dd2f89e99a27fadef91c4a33d41/xlsxwriter-3.2.9-py3-none-any.whl", hash = "sha256:9a5db42bc5dff014806c58a20b9eae7322a134abb6fce3c92c181bfb275ec5b3", size = 175315, upload-time = "2025-09-16T00:16:20.108Z" },
]
